{
  "version": 4,
  "terraform_version": "1.5.0",
  "serial": 89,
  "lineage": "xyz789-abc456-def123",
  "outputs": {},
  "resources": [
    {
      "mode": "managed",
      "type": "aws_vpc",
      "name": "staging",
      "provider": "provider[\"registry.terraform.io/hashicorp/aws\"]",
      "instances": [
        {
          "schema_version": 1,
          "attributes": {
            "id": "vpc-9z8y7x6w5v4u3t2s1",
            "arn": "arn:aws:ec2:us-west-2:987654321098:vpc/vpc-9z8y7x6w5v4u3t2s1",
            "cidr_block": "10.1.0.0/16",
            "name": "staging-vpc",
            "tags": {
              "Name": "Staging VPC",
              "Environment": "staging",
              "ManagedBy": "Terraform",
              "CostCenter": "Engineering"
            }
          }
        }
      ]
    },
    {
      "mode": "managed",
      "type": "aws_subnet",
      "name": "public_1a",
      "provider": "provider[\"registry.terraform.io/hashicorp/aws\"]",
      "instances": [
        {
          "schema_version": 1,
          "attributes": {
            "id": "subnet-pub1a111111",
            "arn": "arn:aws:ec2:us-west-2:987654321098:subnet/subnet-pub1a111111",
            "vpc_id": "vpc-9z8y7x6w5v4u3t2s1",
            "cidr_block": "10.1.1.0/24",
            "availability_zone": "us-west-2a",
            "name": "staging-public-1a",
            "tags": {
              "Name": "Staging Public 1A",
              "Type": "public",
              "Environment": "staging"
            }
          }
        }
      ]
    },
    {
      "mode": "managed",
      "type": "aws_subnet",
      "name": "public_1b",
      "provider": "provider[\"registry.terraform.io/hashicorp/aws\"]",
      "instances": [
        {
          "schema_version": 1,
          "attributes": {
            "id": "subnet-pub1b222222",
            "arn": "arn:aws:ec2:us-west-2:987654321098:subnet/subnet-pub1b222222",
            "vpc_id": "vpc-9z8y7x6w5v4u3t2s1",
            "cidr_block": "10.1.2.0/24",
            "availability_zone": "us-west-2b",
            "name": "staging-public-1b",
            "tags": {
              "Name": "Staging Public 1B",
              "Type": "public",
              "Environment": "staging"
            }
          }
        }
      ]
    },
    {
      "mode": "managed",
      "type": "aws_subnet",
      "name": "public_1c",
      "provider": "provider[\"registry.terraform.io/hashicorp/aws\"]",
      "instances": [
        {
          "schema_version": 1,
          "attributes": {
            "id": "subnet-pub1c333333",
            "arn": "arn:aws:ec2:us-west-2:987654321098:subnet/subnet-pub1c333333",
            "vpc_id": "vpc-9z8y7x6w5v4u3t2s1",
            "cidr_block": "10.1.3.0/24",
            "availability_zone": "us-west-2c",
            "name": "staging-public-1c",
            "tags": {
              "Name": "Staging Public 1C",
              "Type": "public",
              "Environment": "staging"
            }
          }
        }
      ]
    },
    {
      "mode": "managed",
      "type": "aws_subnet",
      "name": "private_1a",
      "provider": "provider[\"registry.terraform.io/hashicorp/aws\"]",
      "instances": [
        {
          "schema_version": 1,
          "attributes": {
            "id": "subnet-prv1a444444",
            "arn": "arn:aws:ec2:us-west-2:987654321098:subnet/subnet-prv1a444444",
            "vpc_id": "vpc-9z8y7x6w5v4u3t2s1",
            "cidr_block": "10.1.10.0/24",
            "availability_zone": "us-west-2a",
            "name": "staging-private-1a",
            "tags": {
              "Name": "Staging Private 1A",
              "Type": "private",
              "Environment": "staging"
            }
          }
        }
      ]
    },
    {
      "mode": "managed",
      "type": "aws_subnet",
      "name": "private_1b",
      "provider": "provider[\"registry.terraform.io/hashicorp/aws\"]",
      "instances": [
        {
          "schema_version": 1,
          "attributes": {
            "id": "subnet-prv1b555555",
            "arn": "arn:aws:ec2:us-west-2:987654321098:subnet/subnet-prv1b555555",
            "vpc_id": "vpc-9z8y7x6w5v4u3t2s1",
            "cidr_block": "10.1.11.0/24",
            "availability_zone": "us-west-2b",
            "name": "staging-private-1b",
            "tags": {
              "Name": "Staging Private 1B",
              "Type": "private",
              "Environment": "staging"
            }
          }
        }
      ]
    },
    {
      "mode": "managed",
      "type": "aws_subnet",
      "name": "private_1c",
      "provider": "provider[\"registry.terraform.io/hashicorp/aws\"]",
      "instances": [
        {
          "schema_version": 1,
          "attributes": {
            "id": "subnet-prv1c666666",
            "arn": "arn:aws:ec2:us-west-2:987654321098:subnet/subnet-prv1c666666",
            "vpc_id": "vpc-9z8y7x6w5v4u3t2s1",
            "cidr_block": "10.1.12.0/24",
            "availability_zone": "us-west-2c",
            "name": "staging-private-1c",
            "tags": {
              "Name": "Staging Private 1C",
              "Type": "private",
              "Environment": "staging"
            }
          }
        }
      ]
    },
    {
      "mode": "managed",
      "type": "aws_internet_gateway",
      "name": "staging",
      "provider": "provider[\"registry.terraform.io/hashicorp/aws\"]",
      "instances": [
        {
          "schema_version": 1,
          "attributes": {
            "id": "igw-staging123456",
            "arn": "arn:aws:ec2:us-west-2:987654321098:internet-gateway/igw-staging123456",
            "vpc_id": "vpc-9z8y7x6w5v4u3t2s1",
            "name": "staging-igw",
            "tags": {
              "Name": "Staging Internet Gateway",
              "Environment": "staging"
            }
          }
        }
      ]
    },
    {
      "mode": "managed",
      "type": "aws_nat_gateway",
      "name": "nat_1a",
      "provider": "provider[\"registry.terraform.io/hashicorp/aws\"]",
      "instances": [
        {
          "schema_version": 1,
          "attributes": {
            "id": "nat-1a777777",
            "arn": "arn:aws:ec2:us-west-2:987654321098:natgateway/nat-1a777777",
            "subnet_id": "subnet-pub1a111111",
            "name": "staging-nat-1a",
            "tags": {
              "Name": "Staging NAT Gateway 1A",
              "Environment": "staging",
              "AZ": "us-west-2a"
            }
          }
        }
      ]
    },
    {
      "mode": "managed",
      "type": "aws_nat_gateway",
      "name": "nat_1b",
      "provider": "provider[\"registry.terraform.io/hashicorp/aws\"]",
      "instances": [
        {
          "schema_version": 1,
          "attributes": {
            "id": "nat-1b888888",
            "arn": "arn:aws:ec2:us-west-2:987654321098:natgateway/nat-1b888888",
            "subnet_id": "subnet-pub1b222222",
            "name": "staging-nat-1b",
            "tags": {
              "Name": "Staging NAT Gateway 1B",
              "Environment": "staging",
              "AZ": "us-west-2b"
            }
          }
        }
      ]
    },
    {
      "mode": "managed",
      "type": "aws_route_table",
      "name": "public",
      "provider": "provider[\"registry.terraform.io/hashicorp/aws\"]",
      "instances": [
        {
          "schema_version": 1,
          "attributes": {
            "id": "rtb-public999999",
            "arn": "arn:aws:ec2:us-west-2:987654321098:route-table/rtb-public999999",
            "vpc_id": "vpc-9z8y7x6w5v4u3t2s1",
            "name": "staging-public-rt",
            "tags": {
              "Name": "Staging Public Route Table",
              "Environment": "staging"
            }
          }
        }
      ]
    },
    {
      "mode": "managed",
      "type": "aws_route_table",
      "name": "private_1a",
      "provider": "provider[\"registry.terraform.io/hashicorp/aws\"]",
      "instances": [
        {
          "schema_version": 1,
          "attributes": {
            "id": "rtb-prv1a000000",
            "arn": "arn:aws:ec2:us-west-2:987654321098:route-table/rtb-prv1a000000",
            "vpc_id": "vpc-9z8y7x6w5v4u3t2s1",
            "name": "staging-private-rt-1a",
            "tags": {
              "Name": "Staging Private Route Table 1A",
              "Environment": "staging"
            }
          }
        }
      ]
    },
    {
      "mode": "managed",
      "type": "aws_security_group",
      "name": "alb_sg",
      "provider": "provider[\"registry.terraform.io/hashicorp/aws\"]",
      "instances": [
        {
          "schema_version": 1,
          "attributes": {
            "id": "sg-alb1111111",
            "arn": "arn:aws:ec2:us-west-2:987654321098:security-group/sg-alb1111111",
            "name": "staging-alb-sg",
            "description": "Security group for staging ALB",
            "vpc_id": "vpc-9z8y7x6w5v4u3t2s1",
            "tags": {
              "Name": "Staging ALB Security Group",
              "Environment": "staging",
              "Purpose": "loadbalancer"
            }
          }
        }
      ]
    },
    {
      "mode": "managed",
      "type": "aws_security_group",
      "name": "web_sg",
      "provider": "provider[\"registry.terraform.io/hashicorp/aws\"]",
      "instances": [
        {
          "schema_version": 1,
          "attributes": {
            "id": "sg-web2222222",
            "arn": "arn:aws:ec2:us-west-2:987654321098:security-group/sg-web2222222",
            "name": "staging-web-sg",
            "description": "Security group for staging web servers",
            "vpc_id": "vpc-9z8y7x6w5v4u3t2s1",
            "tags": {
              "Name": "Staging Web Security Group",
              "Environment": "staging",
              "Purpose": "web"
            }
          }
        }
      ]
    },
    {
      "mode": "managed",
      "type": "aws_security_group",
      "name": "api_sg",
      "provider": "provider[\"registry.terraform.io/hashicorp/aws\"]",
      "instances": [
        {
          "schema_version": 1,
          "attributes": {
            "id": "sg-api3333333",
            "arn": "arn:aws:ec2:us-west-2:987654321098:security-group/sg-api3333333",
            "name": "staging-api-sg",
            "description": "Security group for staging API servers",
            "vpc_id": "vpc-9z8y7x6w5v4u3t2s1",
            "tags": {
              "Name": "Staging API Security Group",
              "Environment": "staging",
              "Purpose": "api"
            }
          }
        }
      ]
    },
    {
      "mode": "managed",
      "type": "aws_security_group",
      "name": "db_sg",
      "provider": "provider[\"registry.terraform.io/hashicorp/aws\"]",
      "instances": [
        {
          "schema_version": 1,
          "attributes": {
            "id": "sg-db4444444",
            "arn": "arn:aws:ec2:us-west-2:987654321098:security-group/sg-db4444444",
            "name": "staging-db-sg",
            "description": "Security group for staging databases",
            "vpc_id": "vpc-9z8y7x6w5v4u3t2s1",
            "tags": {
              "Name": "Staging Database Security Group",
              "Environment": "staging",
              "Purpose": "database"
            }
          }
        }
      ]
    },
    {
      "mode": "managed",
      "type": "aws_security_group",
      "name": "eks_cluster_sg",
      "provider": "provider[\"registry.terraform.io/hashicorp/aws\"]",
      "instances": [
        {
          "schema_version": 1,
          "attributes": {
            "id": "sg-eks5555555",
            "arn": "arn:aws:ec2:us-west-2:987654321098:security-group/sg-eks5555555",
            "name": "staging-eks-cluster-sg",
            "description": "Security group for EKS cluster",
            "vpc_id": "vpc-9z8y7x6w5v4u3t2s1",
            "tags": {
              "Name": "Staging EKS Cluster SG",
              "Environment": "staging",
              "Purpose": "eks-cluster"
            }
          }
        }
      ]
    },
    {
      "mode": "managed",
      "type": "aws_security_group",
      "name": "eks_node_sg",
      "provider": "provider[\"registry.terraform.io/hashicorp/aws\"]",
      "instances": [
        {
          "schema_version": 1,
          "attributes": {
            "id": "sg-eksnode6666666",
            "arn": "arn:aws:ec2:us-west-2:987654321098:security-group/sg-eksnode6666666",
            "name": "staging-eks-node-sg",
            "description": "Security group for EKS worker nodes",
            "vpc_id": "vpc-9z8y7x6w5v4u3t2s1",
            "tags": {
              "Name": "Staging EKS Node SG",
              "Environment": "staging",
              "Purpose": "eks-nodes"
            }
          }
        }
      ]
    },
    {
      "mode": "managed",
      "type": "aws_lb",
      "name": "web_alb",
      "provider": "provider[\"registry.terraform.io/hashicorp/aws\"]",
      "instances": [
        {
          "schema_version": 1,
          "attributes": {
            "id": "arn:aws:elasticloadbalancing:us-west-2:987654321098:loadbalancer/app/staging-web-alb/abc123def456",
            "arn": "arn:aws:elasticloadbalancing:us-west-2:987654321098:loadbalancer/app/staging-web-alb/abc123def456",
            "name": "staging-web-alb",
            "dns_name": "staging-web-alb-123456789.us-west-2.elb.amazonaws.com",
            "load_balancer_type": "application",
            "subnets": ["subnet-pub1a111111", "subnet-pub1b222222", "subnet-pub1c333333"],
            "security_groups": ["sg-alb1111111"],
            "vpc_id": "vpc-9z8y7x6w5v4u3t2s1",
            "tags": {
              "Name": "Staging Web ALB",
              "Environment": "staging",
              "Team": "frontend"
            }
          }
        }
      ]
    },
    {
      "mode": "managed",
      "type": "aws_lb",
      "name": "internal_nlb",
      "provider": "provider[\"registry.terraform.io/hashicorp/aws\"]",
      "instances": [
        {
          "schema_version": 1,
          "attributes": {
            "id": "arn:aws:elasticloadbalancing:us-west-2:987654321098:loadbalancer/net/staging-internal-nlb/xyz789ghi012",
            "arn": "arn:aws:elasticloadbalancing:us-west-2:987654321098:loadbalancer/net/staging-internal-nlb/xyz789ghi012",
            "name": "staging-internal-nlb",
            "dns_name": "staging-internal-nlb-987654321.us-west-2.elb.amazonaws.com",
            "load_balancer_type": "network",
            "subnets": ["subnet-prv1a444444", "subnet-prv1b555555"],
            "vpc_id": "vpc-9z8y7x6w5v4u3t2s1",
            "tags": {
              "Name": "Staging Internal NLB",
              "Environment": "staging",
              "Internal": "true"
            }
          }
        }
      ]
    },
    {
      "mode": "managed",
      "type": "aws_lb_target_group",
      "name": "web_tg_80",
      "provider": "provider[\"registry.terraform.io/hashicorp/aws\"]",
      "instances": [
        {
          "schema_version": 1,
          "attributes": {
            "id": "arn:aws:elasticloadbalancing:us-west-2:987654321098:targetgroup/stg-web-80/aabbccdd",
            "arn": "arn:aws:elasticloadbalancing:us-west-2:987654321098:targetgroup/stg-web-80/aabbccdd",
            "name": "staging-web-tg-80",
            "port": 80,
            "protocol": "HTTP",
            "target_type": "instance",
            "vpc_id": "vpc-9z8y7x6w5v4u3t2s1",
            "tags": {
              "Name": "Staging Web TG Port 80",
              "Environment": "staging",
              "Service": "web"
            }
          }
        }
      ]
    },
    {
      "mode": "managed",
      "type": "aws_lb_target_group",
      "name": "web_tg_443",
      "provider": "provider[\"registry.terraform.io/hashicorp/aws\"]",
      "instances": [
        {
          "schema_version": 1,
          "attributes": {
            "id": "arn:aws:elasticloadbalancing:us-west-2:987654321098:targetgroup/stg-web-443/eeffgghh",
            "arn": "arn:aws:elasticloadbalancing:us-west-2:987654321098:targetgroup/stg-web-443/eeffgghh",
            "name": "staging-web-tg-443",
            "port": 443,
            "protocol": "HTTPS",
            "target_type": "instance",
            "vpc_id": "vpc-9z8y7x6w5v4u3t2s1",
            "tags": {
              "Name": "Staging Web TG Port 443",
              "Environment": "staging",
              "Service": "web"
            }
          }
        }
      ]
    },
    {
      "mode": "managed",
      "type": "aws_lb_target_group",
      "name": "api_tg",
      "provider": "provider[\"registry.terraform.io/hashicorp/aws\"]",
      "instances": [
        {
          "schema_version": 1,
          "attributes": {
            "id": "arn:aws:elasticloadbalancing:us-west-2:987654321098:targetgroup/stg-api/iijjkkll",
            "arn": "arn:aws:elasticloadbalancing:us-west-2:987654321098:targetgroup/stg-api/iijjkkll",
            "name": "staging-api-tg",
            "port": 8080,
            "protocol": "HTTP",
            "target_type": "ip",
            "vpc_id": "vpc-9z8y7x6w5v4u3t2s1",
            "tags": {
              "Name": "Staging API Target Group",
              "Environment": "staging",
              "Service": "api"
            }
          }
        }
      ]
    },
    {
      "mode": "managed",
      "type": "aws_lb_listener",
      "name": "web_http",
      "provider": "provider[\"registry.terraform.io/hashicorp/aws\"]",
      "instances": [
        {
          "schema_version": 1,
          "attributes": {
            "id": "arn:aws:elasticloadbalancing:us-west-2:987654321098:listener/app/staging-web-alb/abc123def456/http80",
            "arn": "arn:aws:elasticloadbalancing:us-west-2:987654321098:listener/app/staging-web-alb/abc123def456/http80",
            "load_balancer_arn": "arn:aws:elasticloadbalancing:us-west-2:987654321098:loadbalancer/app/staging-web-alb/abc123def456",
            "port": 80,
            "protocol": "HTTP",
            "name": "staging-web-http-listener",
            "tags": {
              "Name": "Staging Web HTTP Listener",
              "Environment": "staging"
            }
          }
        }
      ]
    },
    {
      "mode": "managed",
      "type": "aws_lb_listener",
      "name": "web_https",
      "provider": "provider[\"registry.terraform.io/hashicorp/aws\"]",
      "instances": [
        {
          "schema_version": 1,
          "attributes": {
            "id": "arn:aws:elasticloadbalancing:us-west-2:987654321098:listener/app/staging-web-alb/abc123def456/https443",
            "arn": "arn:aws:elasticloadbalancing:us-west-2:987654321098:listener/app/staging-web-alb/abc123def456/https443",
            "load_balancer_arn": "arn:aws:elasticloadbalancing:us-west-2:987654321098:loadbalancer/app/staging-web-alb/abc123def456",
            "port": 443,
            "protocol": "HTTPS",
            "name": "staging-web-https-listener",
            "tags": {
              "Name": "Staging Web HTTPS Listener",
              "Environment": "staging"
            }
          }
        }
      ]
    },
    {
      "mode": "managed",
      "type": "aws_launch_template",
      "name": "web_lt",
      "provider": "provider[\"registry.terraform.io/hashicorp/aws\"]",
      "instances": [
        {
          "schema_version": 1,
          "attributes": {
            "id": "lt-webstg111111",
            "arn": "arn:aws:ec2:us-west-2:987654321098:launch-template/lt-webstg111111",
            "name": "staging-web-launch-template",
            "image_id": "ami-0staging1234567890",
            "instance_type": "t3.small",
            "vpc_id": "vpc-9z8y7x6w5v4u3t2s1",
            "security_group_ids": ["sg-web2222222"],
            "tags": {
              "Name": "Staging Web Launch Template",
              "Environment": "staging",
              "Application": "web"
            }
          }
        }
      ]
    },
    {
      "mode": "managed",
      "type": "aws_launch_template",
      "name": "api_lt",
      "provider": "provider[\"registry.terraform.io/hashicorp/aws\"]",
      "instances": [
        {
          "schema_version": 1,
          "attributes": {
            "id": "lt-apistg222222",
            "arn": "arn:aws:ec2:us-west-2:987654321098:launch-template/lt-apistg222222",
            "name": "staging-api-launch-template",
            "image_id": "ami-0stgapi1234567890",
            "instance_type": "t3.medium",
            "vpc_id": "vpc-9z8y7x6w5v4u3t2s1",
            "security_group_ids": ["sg-api3333333"],
            "tags": {
              "Name": "Staging API Launch Template",
              "Environment": "staging",
              "Application": "api"
            }
          }
        }
      ]
    },
    {
      "mode": "managed",
      "type": "aws_autoscaling_group",
      "name": "web_asg",
      "provider": "provider[\"registry.terraform.io/hashicorp/aws\"]",
      "instances": [
        {
          "schema_version": 1,
          "attributes": {
            "id": "staging-web-asg-20231216",
            "arn": "arn:aws:autoscaling:us-west-2:987654321098:autoScalingGroup:aaaa-bbbb-cccc:autoScalingGroupName/staging-web-asg",
            "name": "staging-web-asg",
            "min_size": 1,
            "max_size": 6,
            "desired_capacity": 2,
            "vpc_id": "vpc-9z8y7x6w5v4u3t2s1",
            "subnet_ids": ["subnet-prv1a444444", "subnet-prv1b555555"],
            "tags": {
              "Name": "Staging Web ASG",
              "Environment": "staging",
              "Service": "web",
              "Team": "frontend"
            }
          }
        }
      ]
    },
    {
      "mode": "managed",
      "type": "aws_autoscaling_group",
      "name": "api_asg",
      "provider": "provider[\"registry.terraform.io/hashicorp/aws\"]",
      "instances": [
        {
          "schema_version": 1,
          "attributes": {
            "id": "staging-api-asg-20231216",
            "arn": "arn:aws:autoscaling:us-west-2:987654321098:autoScalingGroup:dddd-eeee-ffff:autoScalingGroupName/staging-api-asg",
            "name": "staging-api-asg",
            "min_size": 2,
            "max_size": 8,
            "desired_capacity": 3,
            "vpc_id": "vpc-9z8y7x6w5v4u3t2s1",
            "subnet_ids": ["subnet-prv1a444444", "subnet-prv1b555555"],
            "tags": {
              "Name": "Staging API ASG",
              "Environment": "staging",
              "Service": "api",
              "Team": "backend"
            }
          }
        }
      ]
    },
    {
      "mode": "managed",
      "type": "aws_instance",
      "name": "bastion",
      "provider": "provider[\"registry.terraform.io/hashicorp/aws\"]",
      "instances": [
        {
          "schema_version": 1,
          "attributes": {
            "id": "i-stgbastion123456",
            "arn": "arn:aws:ec2:us-west-2:987654321098:instance/i-stgbastion123456",
            "instance_type": "t3.nano",
            "ami": "ami-0stgbastion123",
            "name": "staging-bastion",
            "vpc_id": "vpc-9z8y7x6w5v4u3t2s1",
            "subnet_ids": ["subnet-pub1a111111"],
            "security_groups": ["sg-web2222222"],
            "public_ip": "34.210.123.45",
            "private_ip": "10.1.1.50",
            "tags": {
              "Name": "Staging Bastion Host",
              "Environment": "staging",
              "Purpose": "ssh-access"
            }
          }
        }
      ]
    },
    {
      "mode": "managed",
      "type": "aws_eks_cluster",
      "name": "main",
      "provider": "provider[\"registry.terraform.io/hashicorp/aws\"]",
      "instances": [
        {
          "schema_version": 1,
          "attributes": {
            "id": "staging-eks-cluster",
            "arn": "arn:aws:eks:us-west-2:987654321098:cluster/staging-eks-cluster",
            "name": "staging-eks-cluster",
            "version": "1.28",
            "endpoint": "https://ABCD1234.gr7.us-west-2.eks.amazonaws.com",
            "vpc_id": "vpc-9z8y7x6w5v4u3t2s1",
            "tags": {
              "Name": "Staging EKS Cluster",
              "Environment": "staging",
              "Team": "platform"
            }
          }
        }
      ]
    },
    {
      "mode": "managed",
      "type": "aws_eks_node_group",
      "name": "general",
      "provider": "provider[\"registry.terraform.io/hashicorp/aws\"]",
      "instances": [
        {
          "schema_version": 1,
          "attributes": {
            "id": "staging-eks-cluster:staging-general-ng",
            "arn": "arn:aws:eks:us-west-2:987654321098:nodegroup/staging-eks-cluster/staging-general-ng/aaaa-bbbb-cccc",
            "cluster_name": "staging-eks-cluster",
            "node_group_name": "staging-general-ng",
            "instance_type": "t3.medium",
            "min_size": 2,
            "max_size": 10,
            "desired_capacity": 4,
            "ami": "ami-eks123456789",
            "tags": {
              "Name": "Staging EKS General Node Group",
              "Environment": "staging",
              "NodeType": "general"
            }
          }
        }
      ]
    },
    {
      "mode": "managed",
      "type": "aws_eks_node_group",
      "name": "compute",
      "provider": "provider[\"registry.terraform.io/hashicorp/aws\"]",
      "instances": [
        {
          "schema_version": 1,
          "attributes": {
            "id": "staging-eks-cluster:staging-compute-ng",
            "arn": "arn:aws:eks:us-west-2:987654321098:nodegroup/staging-eks-cluster/staging-compute-ng/dddd-eeee-ffff",
            "cluster_name": "staging-eks-cluster",
            "node_group_name": "staging-compute-ng",
            "instance_type": "c5.xlarge",
            "min_size": 1,
            "max_size": 20,
            "desired_capacity": 5,
            "ami": "ami-eks987654321",
            "tags": {
              "Name": "Staging EKS Compute Node Group",
              "Environment": "staging",
              "NodeType": "compute-optimized"
            }
          }
        }
      ]
    },
    {
      "mode": "managed",
      "type": "aws_rds_cluster",
      "name": "postgres",
      "provider": "provider[\"registry.terraform.io/hashicorp/aws\"]",
      "instances": [
        {
          "schema_version": 1,
          "attributes": {
            "id": "staging-postgres-cluster",
            "arn": "arn:aws:rds:us-west-2:987654321098:cluster:staging-postgres-cluster",
            "cluster_identifier": "staging-postgres-cluster",
            "name": "staging-postgres-cluster",
            "engine": "aurora-postgresql",
            "engine_version": "15.4",
            "port": 5432,
            "database_name": "stagingdb",
            "vpc_id": "vpc-9z8y7x6w5v4u3t2s1",
            "tags": {
              "Name": "Staging PostgreSQL Cluster",
              "Environment": "staging",
              "Database": "postgresql"
            }
          }
        }
      ]
    },
    {
      "mode": "managed",
      "type": "aws_rds_cluster_instance",
      "name": "postgres_writer",
      "provider": "provider[\"registry.terraform.io/hashicorp/aws\"]",
      "instances": [
        {
          "schema_version": 1,
          "attributes": {
            "id": "staging-postgres-writer",
            "arn": "arn:aws:rds:us-west-2:987654321098:db:staging-postgres-writer",
            "identifier": "staging-postgres-writer",
            "name": "staging-postgres-writer",
            "instance_type": "db.r6g.large",
            "cluster_identifier": "staging-postgres-cluster",
            "tags": {
              "Name": "Staging PostgreSQL Writer",
              "Environment": "staging",
              "Role": "writer"
            }
          }
        }
      ]
    },
    {
      "mode": "managed",
      "type": "aws_rds_cluster_instance",
      "name": "postgres_reader",
      "provider": "provider[\"registry.terraform.io/hashicorp/aws\"]",
      "instances": [
        {
          "schema_version": 1,
          "attributes": {
            "id": "staging-postgres-reader",
            "arn": "arn:aws:rds:us-west-2:987654321098:db:staging-postgres-reader",
            "identifier": "staging-postgres-reader",
            "name": "staging-postgres-reader",
            "instance_type": "db.r6g.large",
            "cluster_identifier": "staging-postgres-cluster",
            "tags": {
              "Name": "Staging PostgreSQL Reader",
              "Environment": "staging",
              "Role": "reader"
            }
          }
        }
      ]
    },
    {
      "mode": "managed",
      "type": "aws_elasticache_replication_group",
      "name": "redis",
      "provider": "provider[\"registry.terraform.io/hashicorp/aws\"]",
      "instances": [
        {
          "schema_version": 1,
          "attributes": {
            "id": "staging-redis-cluster",
            "arn": "arn:aws:elasticache:us-west-2:987654321098:replicationgroup:staging-redis-cluster",
            "replication_group_id": "staging-redis-cluster",
            "name": "staging-redis-cluster",
            "engine": "redis",
            "engine_version": "7.0",
            "port": 6379,
            "node_type": "cache.r6g.large",
            "num_cache_clusters": 3,
            "tags": {
              "Name": "Staging Redis Cluster",
              "Environment": "staging",
              "Purpose": "caching"
            }
          }
        }
      ]
    },
    {
      "mode": "managed",
      "type": "aws_dynamodb_table",
      "name": "sessions",
      "provider": "provider[\"registry.terraform.io/hashicorp/aws\"]",
      "instances": [
        {
          "schema_version": 1,
          "attributes": {
            "id": "staging-sessions",
            "arn": "arn:aws:dynamodb:us-west-2:987654321098:table/staging-sessions",
            "name": "staging-sessions",
            "billing_mode": "PAY_PER_REQUEST",
            "hash_key": "session_id",
            "tags": {
              "Name": "Staging Sessions Table",
              "Environment": "staging",
              "Purpose": "session-storage"
            }
          }
        }
      ]
    },
    {
      "mode": "managed",
      "type": "aws_dynamodb_table",
      "name": "analytics",
      "provider": "provider[\"registry.terraform.io/hashicorp/aws\"]",
      "instances": [
        {
          "schema_version": 1,
          "attributes": {
            "id": "staging-analytics",
            "arn": "arn:aws:dynamodb:us-west-2:987654321098:table/staging-analytics",
            "name": "staging-analytics",
            "billing_mode": "PROVISIONED",
            "read_capacity": 100,
            "write_capacity": 100,
            "hash_key": "event_id",
            "range_key": "timestamp",
            "tags": {
              "Name": "Staging Analytics Table",
              "Environment": "staging",
              "Purpose": "analytics"
            }
          }
        }
      ]
    },
    {
      "mode": "managed",
      "type": "aws_s3_bucket",
      "name": "app_assets",
      "provider": "provider[\"registry.terraform.io/hashicorp/aws\"]",
      "instances": [
        {
          "schema_version": 1,
          "attributes": {
            "id": "staging-app-assets-bucket-abc123",
            "arn": "arn:aws:s3:::staging-app-assets-bucket-abc123",
            "bucket": "staging-app-assets-bucket-abc123",
            "name": "staging-app-assets-bucket-abc123",
            "region": "us-west-2",
            "tags": {
              "Name": "Staging App Assets Bucket",
              "Environment": "staging",
              "Purpose": "static-assets"
            }
          }
        }
      ]
    },
    {
      "mode": "managed",
      "type": "aws_s3_bucket",
      "name": "user_uploads",
      "provider": "provider[\"registry.terraform.io/hashicorp/aws\"]",
      "instances": [
        {
          "schema_version": 1,
          "attributes": {
            "id": "staging-user-uploads-bucket-xyz789",
            "arn": "arn:aws:s3:::staging-user-uploads-bucket-xyz789",
            "bucket": "staging-user-uploads-bucket-xyz789",
            "name": "staging-user-uploads-bucket-xyz789",
            "region": "us-west-2",
            "tags": {
              "Name": "Staging User Uploads Bucket",
              "Environment": "staging",
              "Purpose": "user-data"
            }
          }
        }
      ]
    },
    {
      "mode": "managed",
      "type": "aws_s3_bucket",
      "name": "logs",
      "provider": "provider[\"registry.terraform.io/hashicorp/aws\"]",
      "instances": [
        {
          "schema_version": 1,
          "attributes": {
            "id": "staging-logs-bucket-def456",
            "arn": "arn:aws:s3:::staging-logs-bucket-def456",
            "bucket": "staging-logs-bucket-def456",
            "name": "staging-logs-bucket-def456",
            "region": "us-west-2",
            "tags": {
              "Name": "Staging Logs Bucket",
              "Environment": "staging",
              "Purpose": "logging"
            }
          }
        }
      ]
    },
    {
      "mode": "managed",
      "type": "aws_efs_file_system",
      "name": "shared_storage",
      "provider": "provider[\"registry.terraform.io/hashicorp/aws\"]",
      "instances": [
        {
          "schema_version": 1,
          "attributes": {
            "id": "fs-stgefs123456",
            "arn": "arn:aws:elasticfilesystem:us-west-2:987654321098:file-system/fs-stgefs123456",
            "name": "staging-shared-efs",
            "performance_mode": "generalPurpose",
            "throughput_mode": "bursting",
            "tags": {
              "Name": "Staging Shared EFS",
              "Environment": "staging",
              "Purpose": "shared-storage"
            }
          }
        }
      ]
    },
    {
      "mode": "managed",
      "type": "aws_ebs_volume",
      "name": "data_volume",
      "provider": "provider[\"registry.terraform.io/hashicorp/aws\"]",
      "instances": [
        {
          "schema_version": 1,
          "attributes": {
            "id": "vol-stgdata123456",
            "arn": "arn:aws:ec2:us-west-2:987654321098:volume/vol-stgdata123456",
            "name": "staging-data-volume",
            "size": 500,
            "type": "gp3",
            "availability_zone": "us-west-2a",
            "tags": {
              "Name": "Staging Data Volume",
              "Environment": "staging",
              "Purpose": "persistent-data"
            }
          }
        }
      ]
    },
    {
      "mode": "managed",
      "type": "aws_lambda_function",
      "name": "api_processor",
      "provider": "provider[\"registry.terraform.io/hashicorp/aws\"]",
      "instances": [
        {
          "schema_version": 1,
          "attributes": {
            "id": "staging-api-processor",
            "arn": "arn:aws:lambda:us-west-2:987654321098:function:staging-api-processor",
            "function_name": "staging-api-processor",
            "name": "staging-api-processor",
            "runtime": "python3.11",
            "handler": "handler.main",
            "memory_size": 1024,
            "timeout": 300,
            "tags": {
              "Name": "Staging API Processor",
              "Environment": "staging",
              "Service": "api-processing"
            }
          }
        }
      ]
    },
    {
      "mode": "managed",
      "type": "aws_lambda_function",
      "name": "image_resizer",
      "provider": "provider[\"registry.terraform.io/hashicorp/aws\"]",
      "instances": [
        {
          "schema_version": 1,
          "attributes": {
            "id": "staging-image-resizer",
            "arn": "arn:aws:lambda:us-west-2:987654321098:function:staging-image-resizer",
            "function_name": "staging-image-resizer",
            "name": "staging-image-resizer",
            "runtime": "nodejs18.x",
            "handler": "index.handler",
            "memory_size": 2048,
            "timeout": 60,
            "tags": {
              "Name": "Staging Image Resizer",
              "Environment": "staging",
              "Service": "image-processing"
            }
          }
        }
      ]
    },
    {
      "mode": "managed",
      "type": "aws_lambda_function",
      "name": "notification_sender",
      "provider": "provider[\"registry.terraform.io/hashicorp/aws\"]",
      "instances": [
        {
          "schema_version": 1,
          "attributes": {
            "id": "staging-notification-sender",
            "arn": "arn:aws:lambda:us-west-2:987654321098:function:staging-notification-sender",
            "function_name": "staging-notification-sender",
            "name": "staging-notification-sender",
            "runtime": "python3.11",
            "handler": "notifications.send",
            "memory_size": 512,
            "timeout": 120,
            "tags": {
              "Name": "Staging Notification Sender",
              "Environment": "staging",
              "Service": "notifications"
            }
          }
        }
      ]
    },
    {
      "mode": "managed",
      "type": "aws_cloudwatch_log_group",
      "name": "app_logs",
      "provider": "provider[\"registry.terraform.io/hashicorp/aws\"]",
      "instances": [
        {
          "schema_version": 1,
          "attributes": {
            "id": "/aws/staging/application",
            "arn": "arn:aws:logs:us-west-2:987654321098:log-group:/aws/staging/application",
            "name": "/aws/staging/application",
            "retention_in_days": 14,
            "tags": {
              "Name": "Staging Application Logs",
              "Environment": "staging"
            }
          }
        }
      ]
    },
    {
      "mode": "managed",
      "type": "aws_cloudwatch_log_group",
      "name": "eks_logs",
      "provider": "provider[\"registry.terraform.io/hashicorp/aws\"]",
      "instances": [
        {
          "schema_version": 1,
          "attributes": {
            "id": "/aws/eks/staging-cluster/cluster",
            "arn": "arn:aws:logs:us-west-2:987654321098:log-group:/aws/eks/staging-cluster/cluster",
            "name": "/aws/eks/staging-cluster/cluster",
            "retention_in_days": 7,
            "tags": {
              "Name": "Staging EKS Logs",
              "Environment": "staging"
            }
          }
        }
      ]
    },
    {
      "mode": "managed",
      "type": "aws_cloudwatch_metric_alarm",
      "name": "high_cpu",
      "provider": "provider[\"registry.terraform.io/hashicorp/aws\"]",
      "instances": [
        {
          "schema_version": 1,
          "attributes": {
            "id": "staging-high-cpu-alarm",
            "arn": "arn:aws:cloudwatch:us-west-2:987654321098:alarm:staging-high-cpu-alarm",
            "alarm_name": "staging-high-cpu-alarm",
            "name": "staging-high-cpu-alarm",
            "comparison_operator": "GreaterThanThreshold",
            "threshold": 80,
            "metric_name": "CPUUtilization",
            "tags": {
              "Name": "Staging High CPU Alarm",
              "Environment": "staging",
              "Severity": "warning"
            }
          }
        }
      ]
    },
    {
      "mode": "managed",
      "type": "aws_sns_topic",
      "name": "alerts",
      "provider": "provider[\"registry.terraform.io/hashicorp/aws\"]",
      "instances": [
        {
          "schema_version": 1,
          "attributes": {
            "id": "arn:aws:sns:us-west-2:987654321098:staging-alerts",
            "arn": "arn:aws:sns:us-west-2:987654321098:staging-alerts",
            "name": "staging-alerts",
            "display_name": "Staging Alerts",
            "tags": {
              "Name": "Staging Alerts Topic",
              "Environment": "staging",
              "Purpose": "notifications"
            }
          }
        }
      ]
    },
    {
      "mode": "managed",
      "type": "aws_sqs_queue",
      "name": "processing_queue",
      "provider": "provider[\"registry.terraform.io/hashicorp/aws\"]",
      "instances": [
        {
          "schema_version": 1,
          "attributes": {
            "id": "https://sqs.us-west-2.amazonaws.com/987654321098/staging-processing-queue",
            "arn": "arn:aws:sqs:us-west-2:987654321098:staging-processing-queue",
            "name": "staging-processing-queue",
            "visibility_timeout_seconds": 300,
            "message_retention_seconds": 345600,
            "tags": {
              "Name": "Staging Processing Queue",
              "Environment": "staging",
              "Purpose": "async-processing"
            }
          }
        }
      ]
    },
    {
      "mode": "managed",
      "type": "aws_sqs_queue",
      "name": "deadletter_queue",
      "provider": "provider[\"registry.terraform.io/hashicorp/aws\"]",
      "instances": [
        {
          "schema_version": 1,
          "attributes": {
            "id": "https://sqs.us-west-2.amazonaws.com/987654321098/staging-dlq",
            "arn": "arn:aws:sqs:us-west-2:987654321098:staging-dlq",
            "name": "staging-deadletter-queue",
            "visibility_timeout_seconds": 300,
            "message_retention_seconds": 1209600,
            "tags": {
              "Name": "Staging Dead Letter Queue",
              "Environment": "staging",
              "Purpose": "failed-messages"
            }
          }
        }
      ]
    },
    {
      "mode": "managed",
      "type": "aws_route53_zone",
      "name": "staging_zone",
      "provider": "provider[\"registry.terraform.io/hashicorp/aws\"]",
      "instances": [
        {
          "schema_version": 1,
          "attributes": {
            "id": "Z1234STGZONE567",
            "arn": "arn:aws:route53:::hostedzone/Z1234STGZONE567",
            "zone_id": "Z1234STGZONE567",
            "name": "staging.example.com",
            "tags": {
              "Name": "Staging DNS Zone",
              "Environment": "staging"
            }
          }
        }
      ]
    },
    {
      "mode": "managed",
      "type": "aws_route53_record",
      "name": "web",
      "provider": "provider[\"registry.terraform.io/hashicorp/aws\"]",
      "instances": [
        {
          "schema_version": 1,
          "attributes": {
            "id": "Z1234STGZONE567_web.staging.example.com_A",
            "zone_id": "Z1234STGZONE567",
            "name": "web.staging.example.com",
            "type": "A",
            "tags": {
              "Name": "Staging Web Record",
              "Environment": "staging"
            }
          }
        }
      ]
    },
    {
      "mode": "managed",
      "type": "aws_route53_record",
      "name": "api",
      "provider": "provider[\"registry.terraform.io/hashicorp/aws\"]",
      "instances": [
        {
          "schema_version": 1,
          "attributes": {
            "id": "Z1234STGZONE567_api.staging.example.com_A",
            "zone_id": "Z1234STGZONE567",
            "name": "api.staging.example.com",
            "type": "A",
            "tags": {
              "Name": "Staging API Record",
              "Environment": "staging"
            }
          }
        }
      ]
    },
    {
      "mode": "managed",
      "type": "aws_iam_role",
      "name": "eks_cluster_role",
      "provider": "provider[\"registry.terraform.io/hashicorp/aws\"]",
      "instances": [
        {
          "schema_version": 1,
          "attributes": {
            "id": "staging-eks-cluster-role",
            "arn": "arn:aws:iam::987654321098:role/staging-eks-cluster-role",
            "name": "staging-eks-cluster-role",
            "description": "IAM role for staging EKS cluster",
            "tags": {
              "Name": "Staging EKS Cluster Role",
              "Environment": "staging"
            }
          }
        }
      ]
    },
    {
      "mode": "managed",
      "type": "aws_iam_role",
      "name": "eks_node_role",
      "provider": "provider[\"registry.terraform.io/hashicorp/aws\"]",
      "instances": [
        {
          "schema_version": 1,
          "attributes": {
            "id": "staging-eks-node-role",
            "arn": "arn:aws:iam::987654321098:role/staging-eks-node-role",
            "name": "staging-eks-node-role",
            "description": "IAM role for staging EKS worker nodes",
            "tags": {
              "Name": "Staging EKS Node Role",
              "Environment": "staging"
            }
          }
        }
      ]
    },
    {
      "mode": "managed",
      "type": "aws_iam_role",
      "name": "lambda_execution_role",
      "provider": "provider[\"registry.terraform.io/hashicorp/aws\"]",
      "instances": [
        {
          "schema_version": 1,
          "attributes": {
            "id": "staging-lambda-execution-role",
            "arn": "arn:aws:iam::987654321098:role/staging-lambda-execution-role",
            "name": "staging-lambda-execution-role",
            "description": "IAM role for staging Lambda functions",
            "tags": {
              "Name": "Staging Lambda Execution Role",
              "Environment": "staging"
            }
          }
        }
      ]
    },
    {
      "mode": "managed",
      "type": "aws_iam_policy",
      "name": "s3_access_policy",
      "provider": "provider[\"registry.terraform.io/hashicorp/aws\"]",
      "instances": [
        {
          "schema_version": 1,
          "attributes": {
            "id": "arn:aws:iam::987654321098:policy/staging-s3-access-policy",
            "arn": "arn:aws:iam::987654321098:policy/staging-s3-access-policy",
            "name": "staging-s3-access-policy",
            "description": "Policy for S3 access in staging",
            "tags": {
              "Name": "Staging S3 Access Policy",
              "Environment": "staging"
            }
          }
        }
      ]
    },
    {
      "mode": "managed",
      "type": "aws_iam_policy",
      "name": "dynamodb_access_policy",
      "provider": "provider[\"registry.terraform.io/hashicorp/aws\"]",
      "instances": [
        {
          "schema_version": 1,
          "attributes": {
            "id": "arn:aws:iam::987654321098:policy/staging-dynamodb-access-policy",
            "arn": "arn:aws:iam::987654321098:policy/staging-dynamodb-access-policy",
            "name": "staging-dynamodb-access-policy",
            "description": "Policy for DynamoDB access in staging",
            "tags": {
              "Name": "Staging DynamoDB Access Policy",
              "Environment": "staging"
            }
          }
        }
      ]
    },
    {
      "mode": "managed",
      "type": "aws_eip",
      "name": "nat_1a",
      "provider": "provider[\"registry.terraform.io/hashicorp/aws\"]",
      "instances": [
        {
          "schema_version": 1,
          "attributes": {
            "id": "eipalloc-stgnat1a",
            "arn": "arn:aws:ec2:us-west-2:987654321098:elastic-ip/eipalloc-stgnat1a",
            "public_ip": "52.34.56.78",
            "name": "staging-nat-eip-1a",
            "tags": {
              "Name": "Staging NAT EIP 1A",
              "Environment": "staging"
            }
          }
        }
      ]
    },
    {
      "mode": "managed",
      "type": "aws_eip",
      "name": "nat_1b",
      "provider": "provider[\"registry.terraform.io/hashicorp/aws\"]",
      "instances": [
        {
          "schema_version": 1,
          "attributes": {
            "id": "eipalloc-stgnat1b",
            "arn": "arn:aws:ec2:us-west-2:987654321098:elastic-ip/eipalloc-stgnat1b",
            "public_ip": "52.34.56.79",
            "name": "staging-nat-eip-1b",
            "tags": {
              "Name": "Staging NAT EIP 1B",
              "Environment": "staging"
            }
          }
        }
      ]
    },
    {
      "mode": "managed",
      "type": "aws_network_interface",
      "name": "monitoring_eni",
      "provider": "provider[\"registry.terraform.io/hashicorp/aws\"]",
      "instances": [
        {
          "schema_version": 1,
          "attributes": {
            "id": "eni-stgmon123456",
            "name": "staging-monitoring-eni",
            "subnet_id": "subnet-prv1a444444",
            "private_ip": "10.1.10.100",
            "tags": {
              "Name": "Staging Monitoring ENI",
              "Environment": "staging",
              "Purpose": "monitoring"
            }
          }
        }
      ]
    }
  ]
}