{
  "version": 4,
  "terraform_version": "1.5.0",
  "serial": 142,
  "lineage": "8f3e21a1-8d4e-4f2a-9d3b-example12345",
  "outputs": {
    "vpc_id": { "value": "vpc-0a1b2c3d4e5f6g7h8", "type": "string" },
    "eks_endpoint": { "value": "https://ABC123XYZ.yl4.us-east-1.eks.amazonaws.com", "type": "string" }
  },
  "resources": [
    {
      "mode": "managed",
      "type": "aws_vpc",
      "name": "main",
      "provider": "provider[\"registry.terraform.io/hashicorp/aws\"]",
      "instances": [
        {
          "schema_version": 1,
          "attributes": {
            "arn": "arn:aws:ec2:us-east-1:123456789012:vpc/vpc-0a1b2c3d4e5f6g7h8",
            "cidr_block": "10.0.0.0/16",
            "id": "vpc-0a1b2c3d4e5f6g7h8",
            "tags": { "Name": "production-vpc", "Environment": "prod" }
          }
        }
      ]
    },
    {
      "mode": "managed",
      "type": "aws_eks_cluster",
      "name": "prod_cluster",
      "provider": "provider[\"registry.terraform.io/hashicorp/aws\"]",
      "instances": [
        {
          "attributes": {
            "arn": "arn:aws:eks:us-east-1:123456789012:cluster/prod-eks",
            "certificate_authority": [{ "data": "LS0tLS1CRUdJTiBDRVJUSUZ..." }],
            "endpoint": "https://ABC123XYZ.eks.amazonaws.com",
            "id": "prod-eks",
            "vpc_config": [{ "cluster_security_group_id": "sg-0987654321", "subnet_ids": ["subnet-1", "subnet-2"] }]
          }
        }
      ]
    },
    {
      "mode": "managed",
      "type": "aws_db_instance",
      "name": "postgres_rds",
      "provider": "provider[\"registry.terraform.io/hashicorp/aws\"]",
      "instances": [
        {
          "attributes": {
            "address": "prod-db.cxyz.us-east-1.rds.amazonaws.com",
            "allocated_storage": 100,
            "availability_zone": "us-east-1a",
            "engine": "postgres",
            "instance_class": "db.t3.large",
            "identifier": "prod-db-instance"
          }
        }
      ]
    },
    {
      "mode": "managed",
      "type": "aws_autoscaling_group",
      "name": "app_asg",
      "provider": "provider[\"registry.terraform.io/hashicorp/aws\"]",
      "instances": [
        {
          "attributes": {
            "arn": "arn:aws:autoscaling:us-east-1:123456789012:autoScalingGroup:...",
            "desired_capacity": 5,
            "max_size": 10,
            "min_size": 2,
            "name": "production-app-asg",
            "launch_template": [{ "id": "lt-0a1b2c3d", "version": "$Latest" }]
          }
        }
      ]
    },
    {
      "mode": "managed",
      "type": "aws_lb",
      "name": "external_alb",
      "provider": "provider[\"registry.terraform.io/hashicorp/aws\"]",
      "instances": [
        {
          "attributes": {
            "dns_name": "prod-alb-123456.us-east-1.elb.amazonaws.com",
            "load_balancer_type": "application",
            "subnets": ["subnet-1", "subnet-2"]
          }
        }
      ]
    },
    {
      "mode": "managed",
      "type": "aws_s3_bucket",
      "name": "assets",
      "provider": "provider[\"registry.terraform.io/hashicorp/aws\"]",
      "instances": [
        {
          "attributes": {
            "bucket": "my-company-prod-assets-001",
            "region": "us-east-1"
          }
        }
      ]
    }
  ]
}